# THIS IS AN AUTOGENERATED FILE. DO NOT EDIT THIS FILE DIRECTLY.
# yarn lockfile v1


luxon@^2.4.0:
  version "2.4.0"
  resolved "https://registry.yarnpkg.com/luxon/-/luxon-2.4.0.tgz#9435806545bb32d4234dab766ab8a3d54847a765"
  integrity sha512-w+NAwWOUL5hO0SgwOHsMBAmZ15SoknmQXhSO0hIbJCAmPKSsGeK8MlmhYh2w6Iib38IxN2M+/ooXWLbeis7GuA==
